{
  "nodes": {
    "esdbclient": {
      "inputs": {
        "flake-utils": [
          "pythoneda-shared-pythonlang-infrastructure",
          "flake-utils"
        ],
        "nixos": [
          "pythoneda-shared-pythonlang-infrastructure",
          "nixos"
        ]
      },
      "locked": {
        "dir": "esdbclient",
        "lastModified": 1731731825,
        "narHash": "sha256-kOddDyUkMJEJm14yCbfW+DYceAzo/QRD8KDf92IcJJo=",
        "owner": "rydnr",
        "repo": "nix-flakes",
        "rev": "a83da54f986cb6a60dc9b71309f186e97a604cff",
        "type": "github"
      },
      "original": {
        "dir": "esdbclient",
        "owner": "rydnr",
        "ref": "esdbclient-1.1.3",
        "repo": "nix-flakes",
        "type": "github"
      }
    },
    "esdbclient_2": {
      "inputs": {
        "flake-utils": [
          "pythoneda-shared-runtime-infra-eventstoredb-events-infrastructure",
          "pythoneda-shared-pythonlang-infrastructure",
          "flake-utils"
        ],
        "nixos": [
          "pythoneda-shared-runtime-infra-eventstoredb-events-infrastructure",
          "pythoneda-shared-pythonlang-infrastructure",
          "nixos"
        ]
      },
      "locked": {
        "dir": "esdbclient",
        "lastModified": 1731731825,
        "narHash": "sha256-kOddDyUkMJEJm14yCbfW+DYceAzo/QRD8KDf92IcJJo=",
        "owner": "rydnr",
        "repo": "nix-flakes",
        "rev": "a83da54f986cb6a60dc9b71309f186e97a604cff",
        "type": "github"
      },
      "original": {
        "dir": "esdbclient",
        "owner": "rydnr",
        "ref": "esdbclient-1.1.3",
        "repo": "nix-flakes",
        "type": "github"
      }
    },
    "flake-utils": {
      "locked": {
        "lastModified": 1652776076,
        "narHash": "sha256-gzTw/v1vj4dOVbpBSJX4J0DwUR6LIyXo7/SuuTJp1kM=",
        "owner": "numtide",
        "repo": "flake-utils",
        "rev": "04c1b180862888302ddfb2e3ad9eaa63afc60cf8",
        "type": "github"
      },
      "original": {
        "owner": "numtide",
        "ref": "v1.0.0",
        "repo": "flake-utils",
        "type": "github"
      }
    },
    "nixos": {
      "locked": {
        "lastModified": 1717179513,
        "narHash": "sha256-vboIEwIQojofItm2xGCdZCzW96U85l9nDW3ifMuAIdM=",
        "owner": "NixOS",
        "repo": "nixpkgs",
        "rev": "63dacb46bf939521bdc93981b4cbb7ecb58427a0",
        "type": "github"
      },
      "original": {
        "owner": "NixOS",
        "ref": "24.05",
        "repo": "nixpkgs",
        "type": "github"
      }
    },
    "pythoneda-runtime-infrastructure-eventstoredb": {
      "inputs": {
        "flake-utils": [
          "flake-utils"
        ],
        "nixos": [
          "nixos"
        ],
        "pythoneda-shared-pythonlang-banner": [
          "pythoneda-shared-pythonlang-banner"
        ],
        "pythoneda-shared-pythonlang-domain": [
          "pythoneda-shared-pythonlang-domain"
        ],
        "pythoneda-shared-runtime-infra-eventstoredb-events": "pythoneda-shared-runtime-infra-eventstoredb-events"
      },
      "locked": {
        "lastModified": 1732302455,
        "narHash": "sha256-+hW6YeR5Mwq3XgCX9VYHe4R2jUno1b2+vkreO5/xtnw=",
        "owner": "pythoneda-runtime-infrastructure-def",
        "repo": "eventstoredb",
        "rev": "5865a925bb0445c261ce98f655cc4ce4afcb62cf",
        "type": "github"
      },
      "original": {
        "owner": "pythoneda-runtime-infrastructure-def",
        "ref": "0.0.18",
        "repo": "eventstoredb",
        "type": "github"
      }
    },
    "pythoneda-shared-pythonlang-banner": {
      "inputs": {
        "flake-utils": [
          "flake-utils"
        ],
        "nixos": [
          "nixos"
        ]
      },
      "locked": {
        "lastModified": 1732128805,
        "narHash": "sha256-aHBOkLEXhfXTMPpSeJ97S9synWqrP6qlWIzGr5ZqJ9c=",
        "owner": "pythoneda-shared-pythonlang-def",
        "repo": "banner",
        "rev": "5f9b962f66ee603c942303218f17e3304fee9eb0",
        "type": "github"
      },
      "original": {
        "owner": "pythoneda-shared-pythonlang-def",
        "ref": "0.0.63",
        "repo": "banner",
        "type": "github"
      }
    },
    "pythoneda-shared-pythonlang-domain": {
      "inputs": {
        "flake-utils": [
          "flake-utils"
        ],
        "nixos": [
          "nixos"
        ],
        "pythoneda-shared-pythonlang-banner": [
          "pythoneda-shared-pythonlang-banner"
        ]
      },
      "locked": {
        "lastModified": 1732297531,
        "narHash": "sha256-q8u00vZC2vAphBM562tAlYuTVKUm1UsUzWz7jqrlnck=",
        "owner": "pythoneda-shared-pythonlang-def",
        "repo": "domain",
        "rev": "d4d2b3ab0fc2fe5b65bd2c2c046891322d5525ee",
        "type": "github"
      },
      "original": {
        "owner": "pythoneda-shared-pythonlang-def",
        "ref": "0.0.78",
        "repo": "domain",
        "type": "github"
      }
    },
    "pythoneda-shared-pythonlang-infrastructure": {
      "inputs": {
        "esdbclient": "esdbclient",
        "flake-utils": [
          "flake-utils"
        ],
        "nixos": [
          "nixos"
        ],
        "pythoneda-shared-pythonlang-banner": [
          "pythoneda-shared-pythonlang-banner"
        ],
        "pythoneda-shared-pythonlang-domain": [
          "pythoneda-shared-pythonlang-domain"
        ]
      },
      "locked": {
        "lastModified": 1732297752,
        "narHash": "sha256-6MkFZmIn+shnEp/8RfFtB0dkeu6CId4t0JNhNgcj0iU=",
        "owner": "pythoneda-shared-pythonlang-def",
        "repo": "infrastructure",
        "rev": "b034b3b40f0f45682adf5d5562ec211119912063",
        "type": "github"
      },
      "original": {
        "owner": "pythoneda-shared-pythonlang-def",
        "ref": "0.0.57",
        "repo": "infrastructure",
        "type": "github"
      }
    },
    "pythoneda-shared-pythonlang-infrastructure_2": {
      "inputs": {
        "esdbclient": "esdbclient_2",
        "flake-utils": [
          "pythoneda-shared-runtime-infra-eventstoredb-events-infrastructure",
          "flake-utils"
        ],
        "nixos": [
          "pythoneda-shared-runtime-infra-eventstoredb-events-infrastructure",
          "nixos"
        ],
        "pythoneda-shared-pythonlang-banner": [
          "pythoneda-shared-runtime-infra-eventstoredb-events-infrastructure",
          "pythoneda-shared-pythonlang-banner"
        ],
        "pythoneda-shared-pythonlang-domain": [
          "pythoneda-shared-runtime-infra-eventstoredb-events-infrastructure",
          "pythoneda-shared-pythonlang-domain"
        ]
      },
      "locked": {
        "lastModified": 1732297752,
        "narHash": "sha256-6MkFZmIn+shnEp/8RfFtB0dkeu6CId4t0JNhNgcj0iU=",
        "owner": "pythoneda-shared-pythonlang-def",
        "repo": "infrastructure",
        "rev": "b034b3b40f0f45682adf5d5562ec211119912063",
        "type": "github"
      },
      "original": {
        "owner": "pythoneda-shared-pythonlang-def",
        "ref": "0.0.57",
        "repo": "infrastructure",
        "type": "github"
      }
    },
    "pythoneda-shared-runtime-infra-eventstoredb-events": {
      "inputs": {
        "flake-utils": [
          "pythoneda-runtime-infrastructure-eventstoredb",
          "flake-utils"
        ],
        "nixos": [
          "pythoneda-runtime-infrastructure-eventstoredb",
          "nixos"
        ],
        "pythoneda-shared-pythonlang-banner": [
          "pythoneda-runtime-infrastructure-eventstoredb",
          "pythoneda-shared-pythonlang-banner"
        ],
        "pythoneda-shared-pythonlang-domain": [
          "pythoneda-runtime-infrastructure-eventstoredb",
          "pythoneda-shared-pythonlang-domain"
        ]
      },
      "locked": {
        "lastModified": 1732302293,
        "narHash": "sha256-Elojc1HsiQ6ZHIC9vi7/S834DTPvG0eMkrJB4e4e1k4=",
        "owner": "pythoneda-shared-runtime-infra-def",
        "repo": "eventstoredb-events",
        "rev": "b38afcc5583507fb523e7788422d67e625c45424",
        "type": "github"
      },
      "original": {
        "owner": "pythoneda-shared-runtime-infra-def",
        "ref": "0.0.7",
        "repo": "eventstoredb-events",
        "type": "github"
      }
    },
    "pythoneda-shared-runtime-infra-eventstoredb-events-infrastructure": {
      "inputs": {
        "flake-utils": [
          "flake-utils"
        ],
        "nixos": [
          "nixos"
        ],
        "pythoneda-shared-pythonlang-banner": [
          "pythoneda-shared-pythonlang-banner"
        ],
        "pythoneda-shared-pythonlang-domain": [
          "pythoneda-shared-pythonlang-domain"
        ],
        "pythoneda-shared-pythonlang-infrastructure": "pythoneda-shared-pythonlang-infrastructure_2",
        "pythoneda-shared-runtime-infra-eventstoredb-events": "pythoneda-shared-runtime-infra-eventstoredb-events_2"
      },
      "locked": {
        "lastModified": 1732302388,
        "narHash": "sha256-9Z0VpOjwxK0aFKBTap95ZOXJe8YyDzC4Q78ZU3SiLos=",
        "owner": "pythoneda-shared-runtime-infra-def",
        "repo": "eventstoredb-events-infrastructure",
        "rev": "3ff4d0c4c6d9aa5c34f8721dd175a6a31a239de1",
        "type": "github"
      },
      "original": {
        "owner": "pythoneda-shared-runtime-infra-def",
        "ref": "0.0.6",
        "repo": "eventstoredb-events-infrastructure",
        "type": "github"
      }
    },
    "pythoneda-shared-runtime-infra-eventstoredb-events_2": {
      "inputs": {
        "flake-utils": [
          "pythoneda-shared-runtime-infra-eventstoredb-events-infrastructure",
          "flake-utils"
        ],
        "nixos": [
          "pythoneda-shared-runtime-infra-eventstoredb-events-infrastructure",
          "nixos"
        ],
        "pythoneda-shared-pythonlang-banner": [
          "pythoneda-shared-runtime-infra-eventstoredb-events-infrastructure",
          "pythoneda-shared-pythonlang-banner"
        ],
        "pythoneda-shared-pythonlang-domain": [
          "pythoneda-shared-runtime-infra-eventstoredb-events-infrastructure",
          "pythoneda-shared-pythonlang-domain"
        ]
      },
      "locked": {
        "lastModified": 1732302293,
        "narHash": "sha256-Elojc1HsiQ6ZHIC9vi7/S834DTPvG0eMkrJB4e4e1k4=",
        "owner": "pythoneda-shared-runtime-infra-def",
        "repo": "eventstoredb-events",
        "rev": "b38afcc5583507fb523e7788422d67e625c45424",
        "type": "github"
      },
      "original": {
        "owner": "pythoneda-shared-runtime-infra-def",
        "ref": "0.0.7",
        "repo": "eventstoredb-events",
        "type": "github"
      }
    },
    "root": {
      "inputs": {
        "flake-utils": "flake-utils",
        "nixos": "nixos",
        "pythoneda-runtime-infrastructure-eventstoredb": "pythoneda-runtime-infrastructure-eventstoredb",
        "pythoneda-shared-pythonlang-banner": "pythoneda-shared-pythonlang-banner",
        "pythoneda-shared-pythonlang-domain": "pythoneda-shared-pythonlang-domain",
        "pythoneda-shared-pythonlang-infrastructure": "pythoneda-shared-pythonlang-infrastructure",
        "pythoneda-shared-runtime-infra-eventstoredb-events-infrastructure": "pythoneda-shared-runtime-infra-eventstoredb-events-infrastructure"
      }
    }
  },
  "root": "root",
  "version": 7
}
