{
  "nodes": {
    "esdbclient": {
      "inputs": {
        "flake-utils": [
          "pythoneda-shared-pythonlang-infrastructure",
          "flake-utils"
        ],
        "nixos": [
          "pythoneda-shared-pythonlang-infrastructure",
          "nixos"
        ]
      },
      "locked": {
        "dir": "esdbclient",
        "lastModified": 1709013782,
        "narHash": "sha256-FKPKV5n997R/g+87THSHzSrIDs5ZQqPeEwkxU9QOy44=",
        "owner": "rydnr",
        "repo": "nix-flakes",
        "rev": "f9431ef419af65458c92afe1ebc6ca2c7294aacf",
        "type": "github"
      },
      "original": {
        "dir": "esdbclient",
        "owner": "rydnr",
        "repo": "nix-flakes",
        "type": "github"
      }
    },
    "esdbclient_2": {
      "inputs": {
        "flake-utils": [
          "pythoneda-shared-runtime-infrastructure-eventstoredb-events-infrastructure",
          "pythoneda-shared-pythonlang-infrastructure",
          "flake-utils"
        ],
        "nixos": [
          "pythoneda-shared-runtime-infrastructure-eventstoredb-events-infrastructure",
          "pythoneda-shared-pythonlang-infrastructure",
          "nixos"
        ]
      },
      "locked": {
        "dir": "esdbclient",
        "lastModified": 1707207617,
        "narHash": "sha256-1Zii05PANOJ0UtbrIFDoKP46aZX3+PA6t1QLoN/GsJE=",
        "owner": "rydnr",
        "repo": "nix-flakes",
        "rev": "4827d53cc8799be263b5048eb250eaee1e32e1bc",
        "type": "github"
      },
      "original": {
        "dir": "esdbclient",
        "owner": "rydnr",
        "repo": "nix-flakes",
        "type": "github"
      }
    },
    "flake-utils": {
      "locked": {
        "lastModified": 1652776076,
        "narHash": "sha256-gzTw/v1vj4dOVbpBSJX4J0DwUR6LIyXo7/SuuTJp1kM=",
        "owner": "numtide",
        "repo": "flake-utils",
        "rev": "04c1b180862888302ddfb2e3ad9eaa63afc60cf8",
        "type": "github"
      },
      "original": {
        "owner": "numtide",
        "ref": "v1.0.0",
        "repo": "flake-utils",
        "type": "github"
      }
    },
    "nixos": {
      "locked": {
        "lastModified": 1717179513,
        "narHash": "sha256-vboIEwIQojofItm2xGCdZCzW96U85l9nDW3ifMuAIdM=",
        "owner": "NixOS",
        "repo": "nixpkgs",
        "rev": "63dacb46bf939521bdc93981b4cbb7ecb58427a0",
        "type": "github"
      },
      "original": {
        "owner": "NixOS",
        "ref": "24.05",
        "repo": "nixpkgs",
        "type": "github"
      }
    },
    "pythoneda-runtime-infrastructure-eventstoredb": {
      "inputs": {
        "flake-utils": [
          "flake-utils"
        ],
        "nixos": [
          "nixos"
        ],
        "pythoneda-shared-pythonlang-banner": [
          "pythoneda-shared-pythonlang-banner"
        ],
        "pythoneda-shared-pythonlang-domain": [
          "pythoneda-shared-pythonlang-domain"
        ],
        "pythoneda-shared-runtime-infrastructure-eventstoredb-events": "pythoneda-shared-runtime-infrastructure-eventstoredb-events"
      },
      "locked": {
        "lastModified": 1730224780,
        "narHash": "sha256-TCL27wnDAlAvQUcPI3Z3faI/u4X0yfc6L3iiEW7nONE=",
        "owner": "pythoneda-runtime-infrastructure-def",
        "repo": "eventstoredb",
        "rev": "cf8725136cb707d940c21f6e127ba5e477c2a46a",
        "type": "github"
      },
      "original": {
        "owner": "pythoneda-runtime-infrastructure-def",
        "ref": "0.0.12",
        "repo": "eventstoredb",
        "type": "github"
      }
    },
    "pythoneda-shared-pythonlang-banner": {
      "inputs": {
        "flake-utils": [
          "flake-utils"
        ],
        "nixos": [
          "nixos"
        ]
      },
      "locked": {
        "lastModified": 1730220779,
        "narHash": "sha256-1HAwMRs88bLtHN07nadCXSs/yhECDPeSbmORJy1ABa4=",
        "owner": "pythoneda-shared-pythonlang-def",
        "repo": "banner",
        "rev": "e45c47011ffbe70a314a414eb38bd344a6f090ec",
        "type": "github"
      },
      "original": {
        "owner": "pythoneda-shared-pythonlang-def",
        "ref": "0.0.52",
        "repo": "banner",
        "type": "github"
      }
    },
    "pythoneda-shared-pythonlang-domain": {
      "inputs": {
        "flake-utils": [
          "flake-utils"
        ],
        "nixos": [
          "nixos"
        ],
        "pythoneda-shared-pythonlang-banner": [
          "pythoneda-shared-pythonlang-banner"
        ]
      },
      "locked": {
        "lastModified": 1730220834,
        "narHash": "sha256-LPhkxREkiMiUWmKPFrEjh51LfmtzUrdCPqOm60G3n3U=",
        "owner": "pythoneda-shared-pythonlang-def",
        "repo": "domain",
        "rev": "8a91feb1cc4b90a879254c1efd930a99c62b8b20",
        "type": "github"
      },
      "original": {
        "owner": "pythoneda-shared-pythonlang-def",
        "ref": "0.0.52",
        "repo": "domain",
        "type": "github"
      }
    },
    "pythoneda-shared-pythonlang-infrastructure": {
      "inputs": {
        "esdbclient": "esdbclient",
        "flake-utils": [
          "flake-utils"
        ],
        "nixos": [
          "nixos"
        ],
        "pythoneda-shared-pythonlang-banner": [
          "pythoneda-shared-pythonlang-banner"
        ],
        "pythoneda-shared-pythonlang-domain": [
          "pythoneda-shared-pythonlang-domain"
        ]
      },
      "locked": {
        "lastModified": 1730220901,
        "narHash": "sha256-qfS99/dUhrjcYGmkFARKWP3y2bKaUzqAAurifENC8rU=",
        "owner": "pythoneda-shared-pythonlang-def",
        "repo": "infrastructure",
        "rev": "76b9161cf91e746ea82a744ba5cb879c35c010fb",
        "type": "github"
      },
      "original": {
        "owner": "pythoneda-shared-pythonlang-def",
        "ref": "0.0.39",
        "repo": "infrastructure",
        "type": "github"
      }
    },
    "pythoneda-shared-pythonlang-infrastructure_2": {
      "inputs": {
        "esdbclient": "esdbclient_2",
        "flake-utils": [
          "pythoneda-shared-runtime-infrastructure-eventstoredb-events-infrastructure",
          "flake-utils"
        ],
        "nixos": [
          "pythoneda-shared-runtime-infrastructure-eventstoredb-events-infrastructure",
          "nixos"
        ],
        "pythoneda-shared-pythonlang-banner": [
          "pythoneda-shared-runtime-infrastructure-eventstoredb-events-infrastructure",
          "pythoneda-shared-pythonlang-banner"
        ],
        "pythoneda-shared-pythonlang-domain": [
          "pythoneda-shared-runtime-infrastructure-eventstoredb-events-infrastructure",
          "pythoneda-shared-pythonlang-domain"
        ]
      },
      "locked": {
        "lastModified": 1707406251,
        "narHash": "sha256-7pPbenxcBBLi+4AxtomMq2QMzH7bQdYDTdPZtLvYB1s=",
        "owner": "pythoneda-shared-pythonlang-def",
        "repo": "infrastructure",
        "rev": "1e86a72a0b7f177a8237fec9998c81dfa7949d46",
        "type": "github"
      },
      "original": {
        "owner": "pythoneda-shared-pythonlang-def",
        "ref": "0.0.31",
        "repo": "infrastructure",
        "type": "github"
      }
    },
    "pythoneda-shared-runtime-infrastructure-eventstoredb-events": {
      "inputs": {
        "flake-utils": [
          "pythoneda-runtime-infrastructure-eventstoredb",
          "flake-utils"
        ],
        "nixos": [
          "pythoneda-runtime-infrastructure-eventstoredb",
          "nixos"
        ],
        "pythoneda-shared-pythonlang-banner": [
          "pythoneda-runtime-infrastructure-eventstoredb",
          "pythoneda-shared-pythonlang-banner"
        ],
        "pythoneda-shared-pythonlang-domain": [
          "pythoneda-runtime-infrastructure-eventstoredb",
          "pythoneda-shared-pythonlang-domain"
        ]
      },
      "locked": {
        "lastModified": 1707426063,
        "narHash": "sha256-H5m8069LFVwbvfiBPmPPJPBd5T+XNnx2klhThA2ZBFY=",
        "owner": "pythoneda-shared-runtime-infra-def",
        "repo": "eventstoredb-events",
        "rev": "ee6420e83e5f0e887b609f823ed643f767bb6bfd",
        "type": "github"
      },
      "original": {
        "owner": "pythoneda-shared-runtime-infra-def",
        "ref": "0.0.1",
        "repo": "eventstoredb-events",
        "type": "github"
      }
    },
    "pythoneda-shared-runtime-infrastructure-eventstoredb-events-infrastructure": {
      "inputs": {
        "flake-utils": [
          "flake-utils"
        ],
        "nixos": [
          "nixos"
        ],
        "pythoneda-shared-pythonlang-banner": [
          "pythoneda-shared-pythonlang-banner"
        ],
        "pythoneda-shared-pythonlang-domain": [
          "pythoneda-shared-pythonlang-domain"
        ],
        "pythoneda-shared-pythonlang-infrastructure": "pythoneda-shared-pythonlang-infrastructure_2",
        "pythoneda-shared-runtime-infrastructure-eventstoredb-events": "pythoneda-shared-runtime-infrastructure-eventstoredb-events_2"
      },
      "locked": {
        "lastModified": 1707478836,
        "narHash": "sha256-VNHTtqEbeHsUFpSeubrxP178jl8LByZcMLfKpatvxRY=",
        "owner": "pythoneda-shared-runtime-infra-def",
        "repo": "eventstoredb-events-infrastructure",
        "rev": "f700a4187011647109fee453ac90f7d9bd8de136",
        "type": "github"
      },
      "original": {
        "owner": "pythoneda-shared-runtime-infra-def",
        "ref": "0.0.2",
        "repo": "eventstoredb-events-infrastructure",
        "type": "github"
      }
    },
    "pythoneda-shared-runtime-infrastructure-eventstoredb-events_2": {
      "inputs": {
        "flake-utils": [
          "pythoneda-shared-runtime-infrastructure-eventstoredb-events-infrastructure",
          "flake-utils"
        ],
        "nixos": [
          "pythoneda-shared-runtime-infrastructure-eventstoredb-events-infrastructure",
          "nixos"
        ],
        "pythoneda-shared-pythonlang-banner": [
          "pythoneda-shared-runtime-infrastructure-eventstoredb-events-infrastructure",
          "pythoneda-shared-pythonlang-banner"
        ],
        "pythoneda-shared-pythonlang-domain": [
          "pythoneda-shared-runtime-infrastructure-eventstoredb-events-infrastructure",
          "pythoneda-shared-pythonlang-domain"
        ]
      },
      "locked": {
        "lastModified": 1707426063,
        "narHash": "sha256-H5m8069LFVwbvfiBPmPPJPBd5T+XNnx2klhThA2ZBFY=",
        "owner": "pythoneda-shared-runtime-infra-def",
        "repo": "eventstoredb-events",
        "rev": "ee6420e83e5f0e887b609f823ed643f767bb6bfd",
        "type": "github"
      },
      "original": {
        "owner": "pythoneda-shared-runtime-infra-def",
        "ref": "0.0.1",
        "repo": "eventstoredb-events",
        "type": "github"
      }
    },
    "root": {
      "inputs": {
        "flake-utils": "flake-utils",
        "nixos": "nixos",
        "pythoneda-runtime-infrastructure-eventstoredb": "pythoneda-runtime-infrastructure-eventstoredb",
        "pythoneda-shared-pythonlang-banner": "pythoneda-shared-pythonlang-banner",
        "pythoneda-shared-pythonlang-domain": "pythoneda-shared-pythonlang-domain",
        "pythoneda-shared-pythonlang-infrastructure": "pythoneda-shared-pythonlang-infrastructure",
        "pythoneda-shared-runtime-infrastructure-eventstoredb-events-infrastructure": "pythoneda-shared-runtime-infrastructure-eventstoredb-events-infrastructure"
      }
    }
  },
  "root": "root",
  "version": 7
}
