{
  "nodes": {
    "esdbclient": {
      "inputs": {
        "flake-utils": [
          "pythoneda-shared-infrastructure",
          "flake-utils"
        ],
        "nixos": [
          "pythoneda-shared-infrastructure",
          "nixos"
        ]
      },
      "locked": {
        "dir": "esdbclient",
        "lastModified": 1705227856,
        "narHash": "sha256-mu3F53Bj7HAz8MOMCgtIgQ7ko8A0LG0MArCNqWbPHaM=",
        "owner": "rydnr",
        "repo": "nix-flakes",
        "rev": "783f471d5fd80d558483b16a48499ce2ecb024ad",
        "type": "github"
      },
      "original": {
        "dir": "esdbclient",
        "owner": "rydnr",
        "repo": "nix-flakes",
        "type": "github"
      }
    },
    "esdbclient_2": {
      "inputs": {
        "flake-utils": [
          "pythoneda-shared-runtime-infrastructure-eventstoredb-events-infrastructure",
          "pythoneda-shared-infrastructure",
          "flake-utils"
        ],
        "nixos": [
          "pythoneda-shared-runtime-infrastructure-eventstoredb-events-infrastructure",
          "pythoneda-shared-infrastructure",
          "nixos"
        ]
      },
      "locked": {
        "dir": "esdbclient",
        "lastModified": 1705227856,
        "narHash": "sha256-mu3F53Bj7HAz8MOMCgtIgQ7ko8A0LG0MArCNqWbPHaM=",
        "owner": "rydnr",
        "repo": "nix-flakes",
        "rev": "783f471d5fd80d558483b16a48499ce2ecb024ad",
        "type": "github"
      },
      "original": {
        "dir": "esdbclient",
        "owner": "rydnr",
        "repo": "nix-flakes",
        "type": "github"
      }
    },
    "flake-utils": {
      "locked": {
        "lastModified": 1652776076,
        "narHash": "sha256-gzTw/v1vj4dOVbpBSJX4J0DwUR6LIyXo7/SuuTJp1kM=",
        "owner": "numtide",
        "repo": "flake-utils",
        "rev": "04c1b180862888302ddfb2e3ad9eaa63afc60cf8",
        "type": "github"
      },
      "original": {
        "owner": "numtide",
        "ref": "v1.0.0",
        "repo": "flake-utils",
        "type": "github"
      }
    },
    "nixos": {
      "locked": {
        "lastModified": 1701282334,
        "narHash": "sha256-MxCVrXY6v4QmfTwIysjjaX0XUhqBbxTWWB4HXtDYsdk=",
        "owner": "NixOS",
        "repo": "nixpkgs",
        "rev": "057f9aecfb71c4437d2b27d3323df7f93c010b7e",
        "type": "github"
      },
      "original": {
        "owner": "NixOS",
        "ref": "23.11",
        "repo": "nixpkgs",
        "type": "github"
      }
    },
    "pythoneda-runtime-infrastructure-eventstoredb": {
      "inputs": {
        "flake-utils": [
          "flake-utils"
        ],
        "nixos": [
          "nixos"
        ],
        "pythoneda-shared-banner": [
          "pythoneda-shared-banner"
        ],
        "pythoneda-shared-domain": [
          "pythoneda-shared-domain"
        ],
        "pythoneda-shared-runtime-infrastructure-eventstoredb-events": "pythoneda-shared-runtime-infrastructure-eventstoredb-events"
      },
      "locked": {
        "lastModified": 1706036106,
        "narHash": "sha256-CHqOZEhxDvAl7QYagOm04eb+sgKLjaWV1odQRK2YZVU=",
        "owner": "pythoneda-runtime-infrastructure-def",
        "repo": "eventstoredb",
        "rev": "5405619c40c30146801033e9c397758d78133c77",
        "type": "github"
      },
      "original": {
        "owner": "pythoneda-runtime-infrastructure-def",
        "ref": "0.0.1",
        "repo": "eventstoredb",
        "type": "github"
      }
    },
    "pythoneda-shared-banner": {
      "inputs": {
        "flake-utils": [
          "flake-utils"
        ],
        "nixos": [
          "nixos"
        ]
      },
      "locked": {
        "lastModified": 1705523563,
        "narHash": "sha256-jjZLUUwAHWLPzyhCZfz01pkr5WdpA4Kn0AP2H6dBX6g=",
        "owner": "pythoneda-shared-def",
        "repo": "banner",
        "rev": "d9dfb9513567582424a602e21be72a60e3e631b4",
        "type": "github"
      },
      "original": {
        "owner": "pythoneda-shared-def",
        "ref": "0.0.47",
        "repo": "banner",
        "type": "github"
      }
    },
    "pythoneda-shared-domain": {
      "inputs": {
        "flake-utils": [
          "flake-utils"
        ],
        "nixos": [
          "nixos"
        ],
        "pythoneda-shared-banner": [
          "pythoneda-shared-banner"
        ]
      },
      "locked": {
        "lastModified": 1706033882,
        "narHash": "sha256-cBsoKxoi9GydeB9Qunso9TGOn5ArIC6qQg9Obg4Zgdw=",
        "owner": "pythoneda-shared-def",
        "repo": "domain",
        "rev": "c91c21316ea8ad5fec8a34fbac705ea63a575440",
        "type": "github"
      },
      "original": {
        "owner": "pythoneda-shared-def",
        "ref": "0.0.28",
        "repo": "domain",
        "type": "github"
      }
    },
    "pythoneda-shared-infrastructure": {
      "inputs": {
        "esdbclient": "esdbclient",
        "flake-utils": [
          "flake-utils"
        ],
        "nixos": [
          "nixos"
        ],
        "pythoneda-shared-banner": [
          "pythoneda-shared-banner"
        ],
        "pythoneda-shared-domain": [
          "pythoneda-shared-domain"
        ]
      },
      "locked": {
        "lastModified": 1706033956,
        "narHash": "sha256-aSEu9rK6CiuS98f7tCIdm+BOVVoxXC3OxFV4C24m/wk=",
        "owner": "pythoneda-shared-def",
        "repo": "infrastructure",
        "rev": "cc4fb0eaa7c0240ba3c20b1e8863ff3c3469f6d2",
        "type": "github"
      },
      "original": {
        "owner": "pythoneda-shared-def",
        "ref": "0.0.25",
        "repo": "infrastructure",
        "type": "github"
      }
    },
    "pythoneda-shared-infrastructure_2": {
      "inputs": {
        "esdbclient": "esdbclient_2",
        "flake-utils": [
          "pythoneda-shared-runtime-infrastructure-eventstoredb-events-infrastructure",
          "flake-utils"
        ],
        "nixos": [
          "pythoneda-shared-runtime-infrastructure-eventstoredb-events-infrastructure",
          "nixos"
        ],
        "pythoneda-shared-banner": [
          "pythoneda-shared-runtime-infrastructure-eventstoredb-events-infrastructure",
          "pythoneda-shared-banner"
        ],
        "pythoneda-shared-domain": [
          "pythoneda-shared-runtime-infrastructure-eventstoredb-events-infrastructure",
          "pythoneda-shared-domain"
        ]
      },
      "locked": {
        "lastModified": 1705954894,
        "narHash": "sha256-oIz6Ec8vO2FzxR/HI9sZbqVOxSBdYmnlNVQ03pR0B+I=",
        "owner": "pythoneda-shared-def",
        "repo": "infrastructure",
        "rev": "06137415cff150d0c969089a87f8b090f0b188a1",
        "type": "github"
      },
      "original": {
        "owner": "pythoneda-shared-def",
        "ref": "0.0.24",
        "repo": "infrastructure",
        "type": "github"
      }
    },
    "pythoneda-shared-runtime-infrastructure-eventstoredb-events": {
      "inputs": {
        "flake-utils": [
          "pythoneda-runtime-infrastructure-eventstoredb",
          "flake-utils"
        ],
        "nixos": [
          "pythoneda-runtime-infrastructure-eventstoredb",
          "nixos"
        ],
        "pythoneda-shared-banner": [
          "pythoneda-runtime-infrastructure-eventstoredb",
          "pythoneda-shared-banner"
        ],
        "pythoneda-shared-domain": [
          "pythoneda-runtime-infrastructure-eventstoredb",
          "pythoneda-shared-domain"
        ]
      },
      "locked": {
        "lastModified": 1706011578,
        "narHash": "sha256-p4xCBfBOKkNUdKgS8s28TXbZ6Dv4FHZnOb05mIaRcM0=",
        "owner": "pythoneda-shared-runtime-infra-def",
        "repo": "eventstoredb-events",
        "rev": "5a2bd71143257631911e61a580c68025008c9609",
        "type": "github"
      },
      "original": {
        "owner": "pythoneda-shared-runtime-infra-def",
        "ref": "0.0.0",
        "repo": "eventstoredb-events",
        "type": "github"
      }
    },
    "pythoneda-shared-runtime-infrastructure-eventstoredb-events-infrastructure": {
      "inputs": {
        "flake-utils": [
          "flake-utils"
        ],
        "nixos": [
          "nixos"
        ],
        "pythoneda-shared-banner": [
          "pythoneda-shared-banner"
        ],
        "pythoneda-shared-domain": [
          "pythoneda-shared-domain"
        ],
        "pythoneda-shared-infrastructure": "pythoneda-shared-infrastructure_2",
        "pythoneda-shared-runtime-infrastructure-eventstoredb-events": "pythoneda-shared-runtime-infrastructure-eventstoredb-events_2"
      },
      "locked": {
        "lastModified": 1706013860,
        "narHash": "sha256-r+oF9a1IMbNQuJ6bJPZWJ9YJ6nr4oGtnfQKkJFWg/cc=",
        "owner": "pythoneda-shared-runtime-infra-def",
        "repo": "eventstoredb-events-infrastructure",
        "rev": "69cdd28e44087c11d94f3e9927db2067b32d6f22",
        "type": "github"
      },
      "original": {
        "owner": "pythoneda-shared-runtime-infra-def",
        "ref": "0.0.1",
        "repo": "eventstoredb-events-infrastructure",
        "type": "github"
      }
    },
    "pythoneda-shared-runtime-infrastructure-eventstoredb-events_2": {
      "inputs": {
        "flake-utils": [
          "pythoneda-shared-runtime-infrastructure-eventstoredb-events-infrastructure",
          "flake-utils"
        ],
        "nixos": [
          "pythoneda-shared-runtime-infrastructure-eventstoredb-events-infrastructure",
          "nixos"
        ],
        "pythoneda-shared-banner": [
          "pythoneda-shared-runtime-infrastructure-eventstoredb-events-infrastructure",
          "pythoneda-shared-banner"
        ],
        "pythoneda-shared-domain": [
          "pythoneda-shared-runtime-infrastructure-eventstoredb-events-infrastructure",
          "pythoneda-shared-domain"
        ]
      },
      "locked": {
        "lastModified": 1706011578,
        "narHash": "sha256-p4xCBfBOKkNUdKgS8s28TXbZ6Dv4FHZnOb05mIaRcM0=",
        "owner": "pythoneda-shared-runtime-infra-def",
        "repo": "eventstoredb-events",
        "rev": "5a2bd71143257631911e61a580c68025008c9609",
        "type": "github"
      },
      "original": {
        "owner": "pythoneda-shared-runtime-infra-def",
        "ref": "0.0.0",
        "repo": "eventstoredb-events",
        "type": "github"
      }
    },
    "root": {
      "inputs": {
        "flake-utils": "flake-utils",
        "nixos": "nixos",
        "pythoneda-runtime-infrastructure-eventstoredb": "pythoneda-runtime-infrastructure-eventstoredb",
        "pythoneda-shared-banner": "pythoneda-shared-banner",
        "pythoneda-shared-domain": "pythoneda-shared-domain",
        "pythoneda-shared-infrastructure": "pythoneda-shared-infrastructure",
        "pythoneda-shared-runtime-infrastructure-eventstoredb-events-infrastructure": "pythoneda-shared-runtime-infrastructure-eventstoredb-events-infrastructure"
      }
    }
  },
  "root": "root",
  "version": 7
}
